<Solution>
  <Folder Name="/Solution items/">
    <File Path="AGENTS.md" />
    <File Path="CHANGELOG.md" />
    <File Path="MEMORY.md" />
    <File Path="README.md" />
  </Folder>
  <Folder Name="/Solution items/docs/">
    <File Path="docs\ANDROID.md" />
    <File Path="docs\Coding Guidelines.md" />
    <File Path="docs\PLAN.md" />
    <File Path="docs\Technical_Design_Description.md" />
  </Folder>
  <Folder Name="/src/">
    <Project Path="src/Balancia.Android/Balancia.Android.csproj" />
    <Project Path="src/Balancia.Core/Balancia.Core.csproj" />
    <Project Path="src/Balancia.Desktop/Balancia.Desktop.csproj" />
    <Project Path="src/Balancia.Storage/Balancia.Storage.csproj" />
  </Folder>
  <Folder Name="/tests/">
    <Project Path="tests/Balancia.Core.Tests/Balancia.Core.Tests.csproj" />
    <Project Path="tests/Balancia.Storage.Tests/Balancia.Storage.Tests.csproj" />
  </Folder>
</Solution>
